
Microsoft Visual Studio Solution File, Format Version 12.00
# Visual Studio Version 17
VisualStudioVersion = 17.3.32825.248
MinimumVisualStudioVersion = 10.0.40219.1
Project("{FAE04EC0-301F-11D3-BF4B-00C04F79EFBC}") = "3033_4_lc_1004_regularexpression", "3033_4_lc_1004_regularexpression\3033_4_lc_1004_regularexpression.csproj", "{5D8C00B0-176A-4353-9F9E-B69E1D145624}"
EndProject
Global
	GlobalSection(SolutionConfigurationPlatforms) = preSolution
		Debug|Any CPU = Debug|Any CPU
		Release|Any CPU = Release|Any CPU
	EndGlobalSection
	GlobalSection(ProjectConfigurationPlatforms) = postSolution
		{5D8C00B0-176A-4353-9F9E-B69E1D145624}.Debug|Any CPU.ActiveCfg = Debug|Any CPU
		{5D8C00B0-176A-4353-9F9E-B69E1D145624}.Debug|Any CPU.Build.0 = Debug|Any CPU
		{5D8C00B0-176A-4353-9F9E-B69E1D145624}.Release|Any CPU.ActiveCfg = Release|Any CPU
		{5D8C00B0-176A-4353-9F9E-B69E1D145624}.Release|Any CPU.Build.0 = Release|Any CPU
	EndGlobalSection
	GlobalSection(SolutionProperties) = preSolution
		HideSolutionNode = FALSE
	EndGlobalSection
	GlobalSection(ExtensibilityGlobals) = postSolution
		SolutionGuid = {228EBB03-44F0-4636-817E-0B2B95B3A427}
	EndGlobalSection
EndGlobal
